
Microsoft Visual Studio Solution File, Format Version 12.00
# Visual Studio 15
VisualStudioVersion = 15.0.26730.16
MinimumVisualStudioVersion = 10.0.40219.1
Project("{F2A71F9B-5D33-465A-A702-920D77279786}") = "Homework", "Homework\Homework.fsproj", "{8A5018E0-5F97-4FB7-91DB-FDAB6836A46F}"
EndProject
Global
	GlobalSection(SolutionConfigurationPlatforms) = preSolution
		Debug|Any CPU = Debug|Any CPU
		Release|Any CPU = Release|Any CPU
	EndGlobalSection
	GlobalSection(ProjectConfigurationPlatforms) = postSolution
		{8A5018E0-5F97-4FB7-91DB-FDAB6836A46F}.Debug|Any CPU.ActiveCfg = Debug|Any CPU
		{8A5018E0-5F97-4FB7-91DB-FDAB6836A46F}.Debug|Any CPU.Build.0 = Debug|Any CPU
		{8A5018E0-5F97-4FB7-91DB-FDAB6836A46F}.Release|Any CPU.ActiveCfg = Release|Any CPU
		{8A5018E0-5F97-4FB7-91DB-FDAB6836A46F}.Release|Any CPU.Build.0 = Release|Any CPU
	EndGlobalSection
	GlobalSection(SolutionProperties) = preSolution
		HideSolutionNode = FALSE
	EndGlobalSection
	GlobalSection(ExtensibilityGlobals) = postSolution
		SolutionGuid = {5DDD0F3B-1760-4C56-98E2-42CCA559DF20}
	EndGlobalSection
EndGlobal
